
Microsoft Visual Studio Solution File, Format Version 12.00
# Visual Studio Version 17
VisualStudioVersion = 17.4.33213.308
MinimumVisualStudioVersion = 10.0.40219.1
Project("{FAE04EC0-301F-11D3-BF4B-00C04F79EFBC}") = "Problema42", "Problema42.csproj", "{AC37CDDB-4E31-4C69-8C3A-83710A57FE5D}"
EndProject
Global
	GlobalSection(SolutionConfigurationPlatforms) = preSolution
		Debug|Any CPU = Debug|Any CPU
		Release|Any CPU = Release|Any CPU
	EndGlobalSection
	GlobalSection(ProjectConfigurationPlatforms) = postSolution
		{AC37CDDB-4E31-4C69-8C3A-83710A57FE5D}.Debug|Any CPU.ActiveCfg = Debug|Any CPU
		{AC37CDDB-4E31-4C69-8C3A-83710A57FE5D}.Debug|Any CPU.Build.0 = Debug|Any CPU
		{AC37CDDB-4E31-4C69-8C3A-83710A57FE5D}.Release|Any CPU.ActiveCfg = Release|Any CPU
		{AC37CDDB-4E31-4C69-8C3A-83710A57FE5D}.Release|Any CPU.Build.0 = Release|Any CPU
	EndGlobalSection
	GlobalSection(SolutionProperties) = preSolution
		HideSolutionNode = FALSE
	EndGlobalSection
	GlobalSection(ExtensibilityGlobals) = postSolution
		SolutionGuid = {19B37EF1-B6DA-4558-B53C-5EAD9CDEE9AA}
	EndGlobalSection
EndGlobal
