
Microsoft Visual Studio Solution File, Format Version 12.00
# Visual Studio Version 17
VisualStudioVersion = 17.7.34031.279
MinimumVisualStudioVersion = 10.0.40219.1
Project("{FAE04EC0-301F-11D3-BF4B-00C04F79EFBC}") = "problema1_1", "problema1_1.csproj", "{162C4B25-1E30-4546-ADC4-6E11A649D004}"
EndProject
Global
	GlobalSection(SolutionConfigurationPlatforms) = preSolution
		Debug|Any CPU = Debug|Any CPU
		Release|Any CPU = Release|Any CPU
	EndGlobalSection
	GlobalSection(ProjectConfigurationPlatforms) = postSolution
		{162C4B25-1E30-4546-ADC4-6E11A649D004}.Debug|Any CPU.ActiveCfg = Debug|Any CPU
		{162C4B25-1E30-4546-ADC4-6E11A649D004}.Debug|Any CPU.Build.0 = Debug|Any CPU
		{162C4B25-1E30-4546-ADC4-6E11A649D004}.Release|Any CPU.ActiveCfg = Release|Any CPU
		{162C4B25-1E30-4546-ADC4-6E11A649D004}.Release|Any CPU.Build.0 = Release|Any CPU
	EndGlobalSection
	GlobalSection(SolutionProperties) = preSolution
		HideSolutionNode = FALSE
	EndGlobalSection
	GlobalSection(ExtensibilityGlobals) = postSolution
		SolutionGuid = {A7DF3C29-BA84-4956-89B5-F70F0A80070A}
	EndGlobalSection
EndGlobal
