
Microsoft Visual Studio Solution File, Format Version 12.00
# Visual Studio Version 17
VisualStudioVersion = 17.4.33213.308
MinimumVisualStudioVersion = 10.0.40219.1
Project("{FAE04EC0-301F-11D3-BF4B-00C04F79EFBC}") = "PresupuestoCarpinteria", "PresupuestoCarpinteria.csproj", "{1ED9238D-83D4-498F-90D4-2BEA5584CA96}"
EndProject
Global
	GlobalSection(SolutionConfigurationPlatforms) = preSolution
		Debug|Any CPU = Debug|Any CPU
		Release|Any CPU = Release|Any CPU
	EndGlobalSection
	GlobalSection(ProjectConfigurationPlatforms) = postSolution
		{1ED9238D-83D4-498F-90D4-2BEA5584CA96}.Debug|Any CPU.ActiveCfg = Debug|Any CPU
		{1ED9238D-83D4-498F-90D4-2BEA5584CA96}.Debug|Any CPU.Build.0 = Debug|Any CPU
		{1ED9238D-83D4-498F-90D4-2BEA5584CA96}.Release|Any CPU.ActiveCfg = Release|Any CPU
		{1ED9238D-83D4-498F-90D4-2BEA5584CA96}.Release|Any CPU.Build.0 = Release|Any CPU
	EndGlobalSection
	GlobalSection(SolutionProperties) = preSolution
		HideSolutionNode = FALSE
	EndGlobalSection
	GlobalSection(ExtensibilityGlobals) = postSolution
		SolutionGuid = {A23E820F-1D8B-42D8-90AD-CBCBF681BA22}
	EndGlobalSection
EndGlobal
