
Microsoft Visual Studio Solution File, Format Version 12.00
# Visual Studio Version 17
VisualStudioVersion = 17.4.33213.308
MinimumVisualStudioVersion = 10.0.40219.1
Project("{FAE04EC0-301F-11D3-BF4B-00C04F79EFBC}") = "WebApplication1", "WebApplication1.csproj", "{FBDAD07D-D740-43C0-8EDB-ED83992BCC92}"
EndProject
Global
	GlobalSection(SolutionConfigurationPlatforms) = preSolution
		Debug|Any CPU = Debug|Any CPU
		Release|Any CPU = Release|Any CPU
	EndGlobalSection
	GlobalSection(ProjectConfigurationPlatforms) = postSolution
		{FBDAD07D-D740-43C0-8EDB-ED83992BCC92}.Debug|Any CPU.ActiveCfg = Debug|Any CPU
		{FBDAD07D-D740-43C0-8EDB-ED83992BCC92}.Debug|Any CPU.Build.0 = Debug|Any CPU
		{FBDAD07D-D740-43C0-8EDB-ED83992BCC92}.Release|Any CPU.ActiveCfg = Release|Any CPU
		{FBDAD07D-D740-43C0-8EDB-ED83992BCC92}.Release|Any CPU.Build.0 = Release|Any CPU
	EndGlobalSection
	GlobalSection(SolutionProperties) = preSolution
		HideSolutionNode = FALSE
	EndGlobalSection
	GlobalSection(ExtensibilityGlobals) = postSolution
		SolutionGuid = {4026771A-0A3E-41C2-9153-7131CC09B4EE}
	EndGlobalSection
EndGlobal
